
Microsoft Visual Studio Solution File, Format Version 12.00
# Visual Studio Version 17
VisualStudioVersion = 17.4.33403.182
MinimumVisualStudioVersion = 10.0.40219.1
Project("{FAE04EC0-301F-11D3-BF4B-00C04F79EFBC}") = "week5Class", "week5Class\week5Class.csproj", "{37973D72-B03A-42AA-8BBA-D5056DE71131}"
EndProject
Global
	GlobalSection(SolutionConfigurationPlatforms) = preSolution
		Debug|Any CPU = Debug|Any CPU
		Release|Any CPU = Release|Any CPU
	EndGlobalSection
	GlobalSection(ProjectConfigurationPlatforms) = postSolution
		{37973D72-B03A-42AA-8BBA-D5056DE71131}.Debug|Any CPU.ActiveCfg = Debug|Any CPU
		{37973D72-B03A-42AA-8BBA-D5056DE71131}.Debug|Any CPU.Build.0 = Debug|Any CPU
		{37973D72-B03A-42AA-8BBA-D5056DE71131}.Release|Any CPU.ActiveCfg = Release|Any CPU
		{37973D72-B03A-42AA-8BBA-D5056DE71131}.Release|Any CPU.Build.0 = Release|Any CPU
	EndGlobalSection
	GlobalSection(SolutionProperties) = preSolution
		HideSolutionNode = FALSE
	EndGlobalSection
	GlobalSection(ExtensibilityGlobals) = postSolution
		SolutionGuid = {6B2B0E5A-F472-463C-8B0A-39EFAFF3DA09}
	EndGlobalSection
EndGlobal
